
Microsoft Visual Studio Solution File, Format Version 12.00
# Visual Studio 15
VisualStudioVersion = 15.0.26124.0
MinimumVisualStudioVersion = 15.0.26124.0
Project("{FAE04EC0-301F-11D3-BF4B-00C04F79EFBC}") = "LeapYearService", "LeapYearService\LeapYearService.csproj", "{DD8AD9BC-B3DF-42C6-9AE6-ECFD9C00155C}"
EndProject
Project("{FAE04EC0-301F-11D3-BF4B-00C04F79EFBC}") = "LeapYearService.Test", "LeapYearService.Test\LeapYearService.Test.csproj", "{C3DAE0CD-B168-4C5A-BC17-57A29C91600D}"
EndProject
Global
	GlobalSection(SolutionConfigurationPlatforms) = preSolution
		Debug|Any CPU = Debug|Any CPU
		Debug|x64 = Debug|x64
		Debug|x86 = Debug|x86
		Release|Any CPU = Release|Any CPU
		Release|x64 = Release|x64
		Release|x86 = Release|x86
	EndGlobalSection
	GlobalSection(SolutionProperties) = preSolution
		HideSolutionNode = FALSE
	EndGlobalSection
	GlobalSection(ProjectConfigurationPlatforms) = postSolution
		{DD8AD9BC-B3DF-42C6-9AE6-ECFD9C00155C}.Debug|Any CPU.ActiveCfg = Debug|Any CPU
		{DD8AD9BC-B3DF-42C6-9AE6-ECFD9C00155C}.Debug|Any CPU.Build.0 = Debug|Any CPU
		{DD8AD9BC-B3DF-42C6-9AE6-ECFD9C00155C}.Debug|x64.ActiveCfg = Debug|Any CPU
		{DD8AD9BC-B3DF-42C6-9AE6-ECFD9C00155C}.Debug|x64.Build.0 = Debug|Any CPU
		{DD8AD9BC-B3DF-42C6-9AE6-ECFD9C00155C}.Debug|x86.ActiveCfg = Debug|Any CPU
		{DD8AD9BC-B3DF-42C6-9AE6-ECFD9C00155C}.Debug|x86.Build.0 = Debug|Any CPU
		{DD8AD9BC-B3DF-42C6-9AE6-ECFD9C00155C}.Release|Any CPU.ActiveCfg = Release|Any CPU
		{DD8AD9BC-B3DF-42C6-9AE6-ECFD9C00155C}.Release|Any CPU.Build.0 = Release|Any CPU
		{DD8AD9BC-B3DF-42C6-9AE6-ECFD9C00155C}.Release|x64.ActiveCfg = Release|Any CPU
		{DD8AD9BC-B3DF-42C6-9AE6-ECFD9C00155C}.Release|x64.Build.0 = Release|Any CPU
		{DD8AD9BC-B3DF-42C6-9AE6-ECFD9C00155C}.Release|x86.ActiveCfg = Release|Any CPU
		{DD8AD9BC-B3DF-42C6-9AE6-ECFD9C00155C}.Release|x86.Build.0 = Release|Any CPU
		{C3DAE0CD-B168-4C5A-BC17-57A29C91600D}.Debug|Any CPU.ActiveCfg = Debug|Any CPU
		{C3DAE0CD-B168-4C5A-BC17-57A29C91600D}.Debug|Any CPU.Build.0 = Debug|Any CPU
		{C3DAE0CD-B168-4C5A-BC17-57A29C91600D}.Debug|x64.ActiveCfg = Debug|Any CPU
		{C3DAE0CD-B168-4C5A-BC17-57A29C91600D}.Debug|x64.Build.0 = Debug|Any CPU
		{C3DAE0CD-B168-4C5A-BC17-57A29C91600D}.Debug|x86.ActiveCfg = Debug|Any CPU
		{C3DAE0CD-B168-4C5A-BC17-57A29C91600D}.Debug|x86.Build.0 = Debug|Any CPU
		{C3DAE0CD-B168-4C5A-BC17-57A29C91600D}.Release|Any CPU.ActiveCfg = Release|Any CPU
		{C3DAE0CD-B168-4C5A-BC17-57A29C91600D}.Release|Any CPU.Build.0 = Release|Any CPU
		{C3DAE0CD-B168-4C5A-BC17-57A29C91600D}.Release|x64.ActiveCfg = Release|Any CPU
		{C3DAE0CD-B168-4C5A-BC17-57A29C91600D}.Release|x64.Build.0 = Release|Any CPU
		{C3DAE0CD-B168-4C5A-BC17-57A29C91600D}.Release|x86.ActiveCfg = Release|Any CPU
		{C3DAE0CD-B168-4C5A-BC17-57A29C91600D}.Release|x86.Build.0 = Release|Any CPU
	EndGlobalSection
EndGlobal
