
Microsoft Visual Studio Solution File, Format Version 12.00
# Visual Studio Version 16
VisualStudioVersion = 16.0.30309.148
MinimumVisualStudioVersion = 10.0.40219.1
Project("{FAE04EC0-301F-11D3-BF4B-00C04F79EFBC}") = "Notes", "Notes\Notes.csproj", "{2CE796B2-36E6-4AF0-A532-1023413AFEE9}"
EndProject
Project("{FAE04EC0-301F-11D3-BF4B-00C04F79EFBC}") = "Notes.Test", "Notes.Test\Notes.Test.csproj", "{53035CE7-587E-4464-A04F-64EF8026F496}"
EndProject
Global
	GlobalSection(SolutionConfigurationPlatforms) = preSolution
		Debug|Any CPU = Debug|Any CPU
		Release|Any CPU = Release|Any CPU
	EndGlobalSection
	GlobalSection(ProjectConfigurationPlatforms) = postSolution
		{2CE796B2-36E6-4AF0-A532-1023413AFEE9}.Debug|Any CPU.ActiveCfg = Debug|Any CPU
		{2CE796B2-36E6-4AF0-A532-1023413AFEE9}.Debug|Any CPU.Build.0 = Debug|Any CPU
		{2CE796B2-36E6-4AF0-A532-1023413AFEE9}.Release|Any CPU.ActiveCfg = Release|Any CPU
		{2CE796B2-36E6-4AF0-A532-1023413AFEE9}.Release|Any CPU.Build.0 = Release|Any CPU
		{53035CE7-587E-4464-A04F-64EF8026F496}.Debug|Any CPU.ActiveCfg = Debug|Any CPU
		{53035CE7-587E-4464-A04F-64EF8026F496}.Debug|Any CPU.Build.0 = Debug|Any CPU
		{53035CE7-587E-4464-A04F-64EF8026F496}.Release|Any CPU.ActiveCfg = Release|Any CPU
		{53035CE7-587E-4464-A04F-64EF8026F496}.Release|Any CPU.Build.0 = Release|Any CPU
	EndGlobalSection
	GlobalSection(SolutionProperties) = preSolution
		HideSolutionNode = FALSE
	EndGlobalSection
	GlobalSection(ExtensibilityGlobals) = postSolution
		SolutionGuid = {C4CEB0F9-A298-4E06-8763-D9E732C03AC1}
	EndGlobalSection
EndGlobal
