
Microsoft Visual Studio Solution File, Format Version 12.00
# Visual Studio Version 16
VisualStudioVersion = 16.0.30225.117
MinimumVisualStudioVersion = 10.0.40219.1
Project("{FAE04EC0-301F-11D3-BF4B-00C04F79EFBC}") = "Parity", "Parity\Parity.csproj", "{751472A6-F410-4BE8-88AB-B39505906B70}"
EndProject
Project("{FAE04EC0-301F-11D3-BF4B-00C04F79EFBC}") = "ParityUnitTest", "ParityUnitTest\ParityUnitTest.csproj", "{AC18EAFE-818B-4F3A-ACFD-7E4446684992}"
EndProject
Global
	GlobalSection(SolutionConfigurationPlatforms) = preSolution
		Debug|Any CPU = Debug|Any CPU
		Release|Any CPU = Release|Any CPU
	EndGlobalSection
	GlobalSection(ProjectConfigurationPlatforms) = postSolution
		{751472A6-F410-4BE8-88AB-B39505906B70}.Debug|Any CPU.ActiveCfg = Debug|Any CPU
		{751472A6-F410-4BE8-88AB-B39505906B70}.Debug|Any CPU.Build.0 = Debug|Any CPU
		{751472A6-F410-4BE8-88AB-B39505906B70}.Release|Any CPU.ActiveCfg = Release|Any CPU
		{751472A6-F410-4BE8-88AB-B39505906B70}.Release|Any CPU.Build.0 = Release|Any CPU
		{AC18EAFE-818B-4F3A-ACFD-7E4446684992}.Debug|Any CPU.ActiveCfg = Debug|Any CPU
		{AC18EAFE-818B-4F3A-ACFD-7E4446684992}.Debug|Any CPU.Build.0 = Debug|Any CPU
		{AC18EAFE-818B-4F3A-ACFD-7E4446684992}.Release|Any CPU.ActiveCfg = Release|Any CPU
		{AC18EAFE-818B-4F3A-ACFD-7E4446684992}.Release|Any CPU.Build.0 = Release|Any CPU
	EndGlobalSection
	GlobalSection(SolutionProperties) = preSolution
		HideSolutionNode = FALSE
	EndGlobalSection
	GlobalSection(ExtensibilityGlobals) = postSolution
		SolutionGuid = {888239C1-6711-4198-829B-4EC97FD1DE4E}
	EndGlobalSection
EndGlobal
